
Microsoft Visual Studio Solution File, Format Version 12.00
# Visual Studio Version 17
VisualStudioVersion = 17.2.32616.157
MinimumVisualStudioVersion = 10.0.40219.1
Project("{FAE04EC0-301F-11D3-BF4B-00C04F79EFBC}") = "BetterCalculator", "BetterCalculator\BetterCalculator.csproj", "{87F145ED-55C5-445F-915D-C31D04A76AC1}"
EndProject
Global
	GlobalSection(SolutionConfigurationPlatforms) = preSolution
		Debug|Any CPU = Debug|Any CPU
		Release|Any CPU = Release|Any CPU
	EndGlobalSection
	GlobalSection(ProjectConfigurationPlatforms) = postSolution
		{87F145ED-55C5-445F-915D-C31D04A76AC1}.Debug|Any CPU.ActiveCfg = Debug|Any CPU
		{87F145ED-55C5-445F-915D-C31D04A76AC1}.Debug|Any CPU.Build.0 = Debug|Any CPU
		{87F145ED-55C5-445F-915D-C31D04A76AC1}.Release|Any CPU.ActiveCfg = Release|Any CPU
		{87F145ED-55C5-445F-915D-C31D04A76AC1}.Release|Any CPU.Build.0 = Release|Any CPU
	EndGlobalSection
	GlobalSection(SolutionProperties) = preSolution
		HideSolutionNode = FALSE
	EndGlobalSection
	GlobalSection(ExtensibilityGlobals) = postSolution
		SolutionGuid = {253EB881-9600-40EE-ABEF-4891FF06DA66}
	EndGlobalSection
EndGlobal
