
Microsoft Visual Studio Solution File, Format Version 12.00
# Visual Studio Version 17
VisualStudioVersion = 17.2.32616.157
MinimumVisualStudioVersion = 10.0.40219.1
Project("{FAE04EC0-301F-11D3-BF4B-00C04F79EFBC}") = "GettingUserInput", "GettingUserInput\GettingUserInput.csproj", "{32EFE2B7-6BBF-4821-84B8-607C76520143}"
EndProject
Global
	GlobalSection(SolutionConfigurationPlatforms) = preSolution
		Debug|Any CPU = Debug|Any CPU
		Release|Any CPU = Release|Any CPU
	EndGlobalSection
	GlobalSection(ProjectConfigurationPlatforms) = postSolution
		{32EFE2B7-6BBF-4821-84B8-607C76520143}.Debug|Any CPU.ActiveCfg = Debug|Any CPU
		{32EFE2B7-6BBF-4821-84B8-607C76520143}.Debug|Any CPU.Build.0 = Debug|Any CPU
		{32EFE2B7-6BBF-4821-84B8-607C76520143}.Release|Any CPU.ActiveCfg = Release|Any CPU
		{32EFE2B7-6BBF-4821-84B8-607C76520143}.Release|Any CPU.Build.0 = Release|Any CPU
	EndGlobalSection
	GlobalSection(SolutionProperties) = preSolution
		HideSolutionNode = FALSE
	EndGlobalSection
	GlobalSection(ExtensibilityGlobals) = postSolution
		SolutionGuid = {A065FCF7-359B-4D00-AE2E-59BBF1D910AC}
	EndGlobalSection
EndGlobal
