
Microsoft Visual Studio Solution File, Format Version 12.00
# Visual Studio Version 17
VisualStudioVersion = 17.2.32616.157
MinimumVisualStudioVersion = 10.0.40219.1
Project("{FAE04EC0-301F-11D3-BF4B-00C04F79EFBC}") = "MadLibsGame", "MadLibsGame\MadLibsGame.csproj", "{1989AAE4-3A25-456F-8B1C-F384A40D026E}"
EndProject
Global
	GlobalSection(SolutionConfigurationPlatforms) = preSolution
		Debug|Any CPU = Debug|Any CPU
		Release|Any CPU = Release|Any CPU
	EndGlobalSection
	GlobalSection(ProjectConfigurationPlatforms) = postSolution
		{1989AAE4-3A25-456F-8B1C-F384A40D026E}.Debug|Any CPU.ActiveCfg = Debug|Any CPU
		{1989AAE4-3A25-456F-8B1C-F384A40D026E}.Debug|Any CPU.Build.0 = Debug|Any CPU
		{1989AAE4-3A25-456F-8B1C-F384A40D026E}.Release|Any CPU.ActiveCfg = Release|Any CPU
		{1989AAE4-3A25-456F-8B1C-F384A40D026E}.Release|Any CPU.Build.0 = Release|Any CPU
	EndGlobalSection
	GlobalSection(SolutionProperties) = preSolution
		HideSolutionNode = FALSE
	EndGlobalSection
	GlobalSection(ExtensibilityGlobals) = postSolution
		SolutionGuid = {4EC01B9C-099C-42B3-A366-EEE7839B59E2}
	EndGlobalSection
EndGlobal
