
Microsoft Visual Studio Solution File, Format Version 12.00
# Visual Studio Version 17
VisualStudioVersion = 17.2.32616.157
MinimumVisualStudioVersion = 10.0.40219.1
Project("{FAE04EC0-301F-11D3-BF4B-00C04F79EFBC}") = "Numbers", "Numbers\Numbers.csproj", "{1F714715-AC32-4A48-BDB4-0A54355ABFAB}"
EndProject
Global
	GlobalSection(SolutionConfigurationPlatforms) = preSolution
		Debug|Any CPU = Debug|Any CPU
		Release|Any CPU = Release|Any CPU
	EndGlobalSection
	GlobalSection(ProjectConfigurationPlatforms) = postSolution
		{1F714715-AC32-4A48-BDB4-0A54355ABFAB}.Debug|Any CPU.ActiveCfg = Debug|Any CPU
		{1F714715-AC32-4A48-BDB4-0A54355ABFAB}.Debug|Any CPU.Build.0 = Debug|Any CPU
		{1F714715-AC32-4A48-BDB4-0A54355ABFAB}.Release|Any CPU.ActiveCfg = Release|Any CPU
		{1F714715-AC32-4A48-BDB4-0A54355ABFAB}.Release|Any CPU.Build.0 = Release|Any CPU
	EndGlobalSection
	GlobalSection(SolutionProperties) = preSolution
		HideSolutionNode = FALSE
	EndGlobalSection
	GlobalSection(ExtensibilityGlobals) = postSolution
		SolutionGuid = {20073BB5-4832-490B-9185-65CE095CCC28}
	EndGlobalSection
EndGlobal
